
Microsoft Visual Studio Solution File, Format Version 12.00
# Visual Studio Version 16
VisualStudioVersion = 16.0.28803.202
MinimumVisualStudioVersion = 10.0.40219.1
Project("{9A19103F-16F7-4668-BE54-9A1E7A4F7556}") = "App.Web", "App.Web\App.Web.csproj", "{ED9F306E-CB33-4342-81A6-FE2D2D8A2652}"
EndProject
Project("{9A19103F-16F7-4668-BE54-9A1E7A4F7556}") = "App.Domain", "App.Domain\App.Domain.csproj", "{8ED3FD43-C838-4387-99D7-52614D0037C1}"
EndProject
Project("{9A19103F-16F7-4668-BE54-9A1E7A4F7556}") = "App.Service", "App.Service\App.Service.csproj", "{CA63190C-3D7F-4255-870F-EBF5FBDC28B3}"
EndProject
Project("{9A19103F-16F7-4668-BE54-9A1E7A4F7556}") = "App.Service.Email.SendGrid", "App.Service.Email.SendGrid\App.Service.Email.SendGrid.csproj", "{3291D690-0E90-41C3-ACF8-C061B3691610}"
EndProject
Project("{2150E333-8FDC-42A3-9474-1A3956D46DE8}") = "01-DomainLayer", "01-DomainLayer", "{F7D888F3-7342-45DD-9D94-38C772F2B618}"
EndProject
Project("{2150E333-8FDC-42A3-9474-1A3956D46DE8}") = "03-ApplicationLayer", "03-ApplicationLayer", "{79D5D82E-9CD5-43AA-8085-FAC75A4FD6F6}"
EndProject
Project("{2150E333-8FDC-42A3-9474-1A3956D46DE8}") = "04-Presentation", "04-Presentation", "{59273216-A65C-4001-97E6-A77EEE0670AC}"
EndProject
Project("{9A19103F-16F7-4668-BE54-9A1E7A4F7556}") = "App.Web.Core", "App.Web.Core\App.Web.Core.csproj", "{B86E794F-8850-4F10-AE73-46A844B7B9E8}"
EndProject
Project("{9A19103F-16F7-4668-BE54-9A1E7A4F7556}") = "App.SharedKernel", "App.SharedKernel\App.SharedKernel.csproj", "{49CE590A-E08F-416A-98D7-6EF341A4AFE6}"
EndProject
Project("{2150E333-8FDC-42A3-9474-1A3956D46DE8}") = "02-InfrastructureLayer", "02-InfrastructureLayer", "{CA7283BE-81E9-45B5-8E06-12F4BE7F9202}"
EndProject
Project("{9A19103F-16F7-4668-BE54-9A1E7A4F7556}") = "App.Infrastructure", "App.Infrastructure\App.Infrastructure.csproj", "{23B9B2AF-B088-4488-B830-5B01DD6D0D44}"
EndProject
Project("{9A19103F-16F7-4668-BE54-9A1E7A4F7556}") = "App.Domain.Test", "App.Domain.Test\App.Domain.Test.csproj", "{CECD5AEB-4DF2-4CDE-8610-2F6E64243FD1}"
EndProject
Project("{9A19103F-16F7-4668-BE54-9A1E7A4F7556}") = "App.Service.Importer", "App.Service.Importer\App.Service.Importer.csproj", "{ACD8C21F-6EBC-4380-858C-2A88BE2B2501}"
EndProject
Global
	GlobalSection(SolutionConfigurationPlatforms) = preSolution
		Debug|Any CPU = Debug|Any CPU
		Release|Any CPU = Release|Any CPU
	EndGlobalSection
	GlobalSection(ProjectConfigurationPlatforms) = postSolution
		{ED9F306E-CB33-4342-81A6-FE2D2D8A2652}.Debug|Any CPU.ActiveCfg = Debug|Any CPU
		{ED9F306E-CB33-4342-81A6-FE2D2D8A2652}.Debug|Any CPU.Build.0 = Debug|Any CPU
		{ED9F306E-CB33-4342-81A6-FE2D2D8A2652}.Release|Any CPU.ActiveCfg = Release|Any CPU
		{ED9F306E-CB33-4342-81A6-FE2D2D8A2652}.Release|Any CPU.Build.0 = Release|Any CPU
		{8ED3FD43-C838-4387-99D7-52614D0037C1}.Debug|Any CPU.ActiveCfg = Debug|Any CPU
		{8ED3FD43-C838-4387-99D7-52614D0037C1}.Debug|Any CPU.Build.0 = Debug|Any CPU
		{8ED3FD43-C838-4387-99D7-52614D0037C1}.Release|Any CPU.ActiveCfg = Release|Any CPU
		{8ED3FD43-C838-4387-99D7-52614D0037C1}.Release|Any CPU.Build.0 = Release|Any CPU
		{CA63190C-3D7F-4255-870F-EBF5FBDC28B3}.Debug|Any CPU.ActiveCfg = Debug|Any CPU
		{CA63190C-3D7F-4255-870F-EBF5FBDC28B3}.Debug|Any CPU.Build.0 = Debug|Any CPU
		{CA63190C-3D7F-4255-870F-EBF5FBDC28B3}.Release|Any CPU.ActiveCfg = Release|Any CPU
		{CA63190C-3D7F-4255-870F-EBF5FBDC28B3}.Release|Any CPU.Build.0 = Release|Any CPU
		{3291D690-0E90-41C3-ACF8-C061B3691610}.Debug|Any CPU.ActiveCfg = Debug|Any CPU
		{3291D690-0E90-41C3-ACF8-C061B3691610}.Debug|Any CPU.Build.0 = Debug|Any CPU
		{3291D690-0E90-41C3-ACF8-C061B3691610}.Release|Any CPU.ActiveCfg = Release|Any CPU
		{3291D690-0E90-41C3-ACF8-C061B3691610}.Release|Any CPU.Build.0 = Release|Any CPU
		{B86E794F-8850-4F10-AE73-46A844B7B9E8}.Debug|Any CPU.ActiveCfg = Debug|Any CPU
		{B86E794F-8850-4F10-AE73-46A844B7B9E8}.Debug|Any CPU.Build.0 = Debug|Any CPU
		{B86E794F-8850-4F10-AE73-46A844B7B9E8}.Release|Any CPU.ActiveCfg = Release|Any CPU
		{B86E794F-8850-4F10-AE73-46A844B7B9E8}.Release|Any CPU.Build.0 = Release|Any CPU
		{49CE590A-E08F-416A-98D7-6EF341A4AFE6}.Debug|Any CPU.ActiveCfg = Debug|Any CPU
		{49CE590A-E08F-416A-98D7-6EF341A4AFE6}.Debug|Any CPU.Build.0 = Debug|Any CPU
		{49CE590A-E08F-416A-98D7-6EF341A4AFE6}.Release|Any CPU.ActiveCfg = Release|Any CPU
		{49CE590A-E08F-416A-98D7-6EF341A4AFE6}.Release|Any CPU.Build.0 = Release|Any CPU
		{23B9B2AF-B088-4488-B830-5B01DD6D0D44}.Debug|Any CPU.ActiveCfg = Debug|Any CPU
		{23B9B2AF-B088-4488-B830-5B01DD6D0D44}.Debug|Any CPU.Build.0 = Debug|Any CPU
		{23B9B2AF-B088-4488-B830-5B01DD6D0D44}.Release|Any CPU.ActiveCfg = Release|Any CPU
		{23B9B2AF-B088-4488-B830-5B01DD6D0D44}.Release|Any CPU.Build.0 = Release|Any CPU
		{CECD5AEB-4DF2-4CDE-8610-2F6E64243FD1}.Debug|Any CPU.ActiveCfg = Debug|Any CPU
		{CECD5AEB-4DF2-4CDE-8610-2F6E64243FD1}.Debug|Any CPU.Build.0 = Debug|Any CPU
		{CECD5AEB-4DF2-4CDE-8610-2F6E64243FD1}.Release|Any CPU.ActiveCfg = Release|Any CPU
		{CECD5AEB-4DF2-4CDE-8610-2F6E64243FD1}.Release|Any CPU.Build.0 = Release|Any CPU
		{ACD8C21F-6EBC-4380-858C-2A88BE2B2501}.Debug|Any CPU.ActiveCfg = Debug|Any CPU
		{ACD8C21F-6EBC-4380-858C-2A88BE2B2501}.Debug|Any CPU.Build.0 = Debug|Any CPU
		{ACD8C21F-6EBC-4380-858C-2A88BE2B2501}.Release|Any CPU.ActiveCfg = Release|Any CPU
		{ACD8C21F-6EBC-4380-858C-2A88BE2B2501}.Release|Any CPU.Build.0 = Release|Any CPU
	EndGlobalSection
	GlobalSection(SolutionProperties) = preSolution
		HideSolutionNode = FALSE
	EndGlobalSection
	GlobalSection(NestedProjects) = preSolution
		{ED9F306E-CB33-4342-81A6-FE2D2D8A2652} = {59273216-A65C-4001-97E6-A77EEE0670AC}
		{8ED3FD43-C838-4387-99D7-52614D0037C1} = {F7D888F3-7342-45DD-9D94-38C772F2B618}
		{CA63190C-3D7F-4255-870F-EBF5FBDC28B3} = {79D5D82E-9CD5-43AA-8085-FAC75A4FD6F6}
		{3291D690-0E90-41C3-ACF8-C061B3691610} = {79D5D82E-9CD5-43AA-8085-FAC75A4FD6F6}
		{B86E794F-8850-4F10-AE73-46A844B7B9E8} = {59273216-A65C-4001-97E6-A77EEE0670AC}
		{49CE590A-E08F-416A-98D7-6EF341A4AFE6} = {F7D888F3-7342-45DD-9D94-38C772F2B618}
		{23B9B2AF-B088-4488-B830-5B01DD6D0D44} = {CA7283BE-81E9-45B5-8E06-12F4BE7F9202}
		{CECD5AEB-4DF2-4CDE-8610-2F6E64243FD1} = {F7D888F3-7342-45DD-9D94-38C772F2B618}
		{ACD8C21F-6EBC-4380-858C-2A88BE2B2501} = {79D5D82E-9CD5-43AA-8085-FAC75A4FD6F6}
	EndGlobalSection
	GlobalSection(ExtensibilityGlobals) = postSolution
		SolutionGuid = {9ED1380F-399E-4AF6-A0E5-A1738C4C6308}
	EndGlobalSection
EndGlobal
